
Microsoft Visual Studio Solution File, Format Version 12.00
# Visual Studio Version 16
VisualStudioVersion = 16.0.30413.136
MinimumVisualStudioVersion = 10.0.40219.1
Project("{FAE04EC0-301F-11D3-BF4B-00C04F79EFBC}") = "biendo betlog", "biendo betlog.csproj", "{21105ADA-D14C-47A1-9777-C77663ED0724}"
EndProject
Global
	GlobalSection(SolutionConfigurationPlatforms) = preSolution
		Debug|Any CPU = Debug|Any CPU
		Release|Any CPU = Release|Any CPU
	EndGlobalSection
	GlobalSection(ProjectConfigurationPlatforms) = postSolution
		{21105ADA-D14C-47A1-9777-C77663ED0724}.Debug|Any CPU.ActiveCfg = Debug|Any CPU
		{21105ADA-D14C-47A1-9777-C77663ED0724}.Debug|Any CPU.Build.0 = Debug|Any CPU
		{21105ADA-D14C-47A1-9777-C77663ED0724}.Release|Any CPU.ActiveCfg = Release|Any CPU
		{21105ADA-D14C-47A1-9777-C77663ED0724}.Release|Any CPU.Build.0 = Release|Any CPU
	EndGlobalSection
	GlobalSection(SolutionProperties) = preSolution
		HideSolutionNode = FALSE
	EndGlobalSection
	GlobalSection(ExtensibilityGlobals) = postSolution
		SolutionGuid = {BF61186B-C4C3-49BB-94D4-2D957F2BB2A0}
	EndGlobalSection
EndGlobal
